// !$*UTF8*$!
{
	archiveVersion = 1;
	classes = {
	};
	objectVersion = 51;
	objects = {

/* Begin PBXBuildFile section */
		41FE7E697B0C25AC82BB249B /* Pods_RxMemo.framework in Frameworks */ = {isa = PBXBuildFile; fileRef = EFEDE253B8636EB4592F70EB /* Pods_RxMemo.framework */; };
		551DDB5B24DEE240004ADDB4 /* TransitionModel.swift in Sources */ = {isa = PBXBuildFile; fileRef = 551DDB5A24DEE240004ADDB4 /* TransitionModel.swift */; };
		551DDB5D24DEE291004ADDB4 /* Scene.swift in Sources */ = {isa = PBXBuildFile; fileRef = 551DDB5C24DEE291004ADDB4 /* Scene.swift */; };
		551DDB5F24DEE6AB004ADDB4 /* SceneCoordinatorType.swift in Sources */ = {isa = PBXBuildFile; fileRef = 551DDB5E24DEE6AB004ADDB4 /* SceneCoordinatorType.swift */; };
		551DDB6124DEE852004ADDB4 /* SceneCoordinator.swift in Sources */ = {isa = PBXBuildFile; fileRef = 551DDB6024DEE852004ADDB4 /* SceneCoordinator.swift */; };
		553412E324DC41B1003E6E9A /* Memo.swift in Sources */ = {isa = PBXBuildFile; fileRef = 553412E224DC41B1003E6E9A /* Memo.swift */; };
		553412E524DC46BA003E6E9A /* MemoStorageType.swift .swift in Sources */ = {isa = PBXBuildFile; fileRef = 553412E424DC46BA003E6E9A /* MemoStorageType.swift .swift */; };
		553412EA24DC4750003E6E9A /* MemoryStorage.swift in Sources */ = {isa = PBXBuildFile; fileRef = 553412E924DC4750003E6E9A /* MemoryStorage.swift */; };
		553412EC24DC4B80003E6E9A /* MemoDetailViewController.swift in Sources */ = {isa = PBXBuildFile; fileRef = 553412EB24DC4B80003E6E9A /* MemoDetailViewController.swift */; };
		553412EE24DC4BC5003E6E9A /* MemoComposeViewController.swift in Sources */ = {isa = PBXBuildFile; fileRef = 553412ED24DC4BC5003E6E9A /* MemoComposeViewController.swift */; };
		553412F024DC4C14003E6E9A /* MemoListViewModel.swift in Sources */ = {isa = PBXBuildFile; fileRef = 553412EF24DC4C14003E6E9A /* MemoListViewModel.swift */; };
		553412F224DC4C51003E6E9A /* MemoDetailViewModel.swift in Sources */ = {isa = PBXBuildFile; fileRef = 553412F124DC4C51003E6E9A /* MemoDetailViewModel.swift */; };
		553412F424DC4C7C003E6E9A /* MemoComposeViewModel.swift in Sources */ = {isa = PBXBuildFile; fileRef = 553412F324DC4C7C003E6E9A /* MemoComposeViewModel.swift */; };
		553412F624DC4CD1003E6E9A /* ViewModelBindableType.swift in Sources */ = {isa = PBXBuildFile; fileRef = 553412F524DC4CD1003E6E9A /* ViewModelBindableType.swift */; };
		55E99B2B24DC0F7600A7229F /* AppDelegate.swift in Sources */ = {isa = PBXBuildFile; fileRef = 55E99B2A24DC0F7600A7229F /* AppDelegate.swift */; };
		55E99B2D24DC0F7600A7229F /* SceneDelegate.swift in Sources */ = {isa = PBXBuildFile; fileRef = 55E99B2C24DC0F7600A7229F /* SceneDelegate.swift */; };
		55E99B2F24DC0F7600A7229F /* MemoListViewController.swift in Sources */ = {isa = PBXBuildFile; fileRef = 55E99B2E24DC0F7600A7229F /* MemoListViewController.swift */; };
		55E99B3224DC0F7600A7229F /* Main.storyboard in Resources */ = {isa = PBXBuildFile; fileRef = 55E99B3024DC0F7600A7229F /* Main.storyboard */; };
		55E99B3524DC0F7600A7229F /* RxMemo.xcdatamodeld in Sources */ = {isa = PBXBuildFile; fileRef = 55E99B3324DC0F7600A7229F /* RxMemo.xcdatamodeld */; };
		55E99B3724DC0F7900A7229F /* Assets.xcassets in Resources */ = {isa = PBXBuildFile; fileRef = 55E99B3624DC0F7900A7229F /* Assets.xcassets */; };
		55E99B3A24DC0F7900A7229F /* LaunchScreen.storyboard in Resources */ = {isa = PBXBuildFile; fileRef = 55E99B3824DC0F7900A7229F /* LaunchScreen.storyboard */; };
/* End PBXBuildFile section */

/* Begin PBXFileReference section */
		29211D834DA4007187437BDF /* Pods-RxMemo.debug.xcconfig */ = {isa = PBXFileReference; includeInIndex = 1; lastKnownFileType = text.xcconfig; name = "Pods-RxMemo.debug.xcconfig"; path = "Target Support Files/Pods-RxMemo/Pods-RxMemo.debug.xcconfig"; sourceTree = "<group>"; };
		551DDB5A24DEE240004ADDB4 /* TransitionModel.swift */ = {isa = PBXFileReference; lastKnownFileType = sourcecode.swift; path = TransitionModel.swift; sourceTree = "<group>"; };
		551DDB5C24DEE291004ADDB4 /* Scene.swift */ = {isa = PBXFileReference; lastKnownFileType = sourcecode.swift; path = Scene.swift; sourceTree = "<group>"; };
		551DDB5E24DEE6AB004ADDB4 /* SceneCoordinatorType.swift */ = {isa = PBXFileReference; lastKnownFileType = sourcecode.swift; path = SceneCoordinatorType.swift; sourceTree = "<group>"; };
		551DDB6024DEE852004ADDB4 /* SceneCoordinator.swift */ = {isa = PBXFileReference; lastKnownFileType = sourcecode.swift; path = SceneCoordinator.swift; sourceTree = "<group>"; };
		553412E224DC41B1003E6E9A /* Memo.swift */ = {isa = PBXFileReference; lastKnownFileType = sourcecode.swift; path = Memo.swift; sourceTree = "<group>"; };
		553412E424DC46BA003E6E9A /* MemoStorageType.swift .swift */ = {isa = PBXFileReference; lastKnownFileType = sourcecode.swift; path = "MemoStorageType.swift .swift"; sourceTree = "<group>"; };
		553412E924DC4750003E6E9A /* MemoryStorage.swift */ = {isa = PBXFileReference; lastKnownFileType = sourcecode.swift; path = MemoryStorage.swift; sourceTree = "<group>"; };
		553412EB24DC4B80003E6E9A /* MemoDetailViewController.swift */ = {isa = PBXFileReference; lastKnownFileType = sourcecode.swift; path = MemoDetailViewController.swift; sourceTree = "<group>"; };
		553412ED24DC4BC5003E6E9A /* MemoComposeViewController.swift */ = {isa = PBXFileReference; lastKnownFileType = sourcecode.swift; path = MemoComposeViewController.swift; sourceTree = "<group>"; };
		553412EF24DC4C14003E6E9A /* MemoListViewModel.swift */ = {isa = PBXFileReference; lastKnownFileType = sourcecode.swift; path = MemoListViewModel.swift; sourceTree = "<group>"; };
		553412F124DC4C51003E6E9A /* MemoDetailViewModel.swift */ = {isa = PBXFileReference; lastKnownFileType = sourcecode.swift; path = MemoDetailViewModel.swift; sourceTree = "<group>"; };
		553412F324DC4C7C003E6E9A /* MemoComposeViewModel.swift */ = {isa = PBXFileReference; lastKnownFileType = sourcecode.swift; path = MemoComposeViewModel.swift; sourceTree = "<group>"; };
		553412F524DC4CD1003E6E9A /* ViewModelBindableType.swift */ = {isa = PBXFileReference; lastKnownFileType = sourcecode.swift; path = ViewModelBindableType.swift; sourceTree = "<group>"; };
		55E99B2724DC0F7600A7229F /* RxMemo.app */ = {isa = PBXFileReference; explicitFileType = wrapper.application; includeInIndex = 0; path = RxMemo.app; sourceTree = BUILT_PRODUCTS_DIR; };
		55E99B2A24DC0F7600A7229F /* AppDelegate.swift */ = {isa = PBXFileReference; lastKnownFileType = sourcecode.swift; path = AppDelegate.swift; sourceTree = "<group>"; };
		55E99B2C24DC0F7600A7229F /* SceneDelegate.swift */ = {isa = PBXFileReference; lastKnownFileType = sourcecode.swift; path = SceneDelegate.swift; sourceTree = "<group>"; };
		55E99B2E24DC0F7600A7229F /* MemoListViewController.swift */ = {isa = PBXFileReference; lastKnownFileType = sourcecode.swift; path = MemoListViewController.swift; sourceTree = "<group>"; };
		55E99B3124DC0F7600A7229F /* Base */ = {isa = PBXFileReference; lastKnownFileType = file.storyboard; name = Base; path = Base.lproj/Main.storyboard; sourceTree = "<group>"; };
		55E99B3424DC0F7600A7229F /* RxMemo.xcdatamodel */ = {isa = PBXFileReference; lastKnownFileType = wrapper.xcdatamodel; path = RxMemo.xcdatamodel; sourceTree = "<group>"; };
		55E99B3624DC0F7900A7229F /* Assets.xcassets */ = {isa = PBXFileReference; lastKnownFileType = folder.assetcatalog; path = Assets.xcassets; sourceTree = "<group>"; };
		55E99B3924DC0F7900A7229F /* Base */ = {isa = PBXFileReference; lastKnownFileType = file.storyboard; name = Base; path = Base.lproj/LaunchScreen.storyboard; sourceTree = "<group>"; };
		55E99B3B24DC0F7900A7229F /* Info.plist */ = {isa = PBXFileReference; lastKnownFileType = text.plist.xml; path = Info.plist; sourceTree = "<group>"; };
		CCE82E34FE0663D0FA1D3B02 /* Pods-RxMemo.release.xcconfig */ = {isa = PBXFileReference; includeInIndex = 1; lastKnownFileType = text.xcconfig; name = "Pods-RxMemo.release.xcconfig"; path = "Target Support Files/Pods-RxMemo/Pods-RxMemo.release.xcconfig"; sourceTree = "<group>"; };
		EFEDE253B8636EB4592F70EB /* Pods_RxMemo.framework */ = {isa = PBXFileReference; explicitFileType = wrapper.framework; includeInIndex = 0; path = Pods_RxMemo.framework; sourceTree = BUILT_PRODUCTS_DIR; };
/* End PBXFileReference section */

/* Begin PBXFrameworksBuildPhase section */
		55E99B2424DC0F7600A7229F /* Frameworks */ = {
			isa = PBXFrameworksBuildPhase;
			buildActionMask = 2147483647;
			files = (
				41FE7E697B0C25AC82BB249B /* Pods_RxMemo.framework in Frameworks */,
			);
			runOnlyForDeploymentPostprocessing = 0;
		};
/* End PBXFrameworksBuildPhase section */

/* Begin PBXGroup section */
		12C546B3749AAC3EA71E373B /* Frameworks */ = {
			isa = PBXGroup;
			children = (
				EFEDE253B8636EB4592F70EB /* Pods_RxMemo.framework */,
			);
			name = Frameworks;
			sourceTree = "<group>";
		};
		551DDB5924DEE217004ADDB4 /* Scene */ = {
			isa = PBXGroup;
			children = (
				551DDB5A24DEE240004ADDB4 /* TransitionModel.swift */,
				551DDB5C24DEE291004ADDB4 /* Scene.swift */,
				551DDB5E24DEE6AB004ADDB4 /* SceneCoordinatorType.swift */,
				551DDB6024DEE852004ADDB4 /* SceneCoordinator.swift */,
			);
			path = Scene;
			sourceTree = "<group>";
		};
		553412E624DC46EE003E6E9A /* Service */ = {
			isa = PBXGroup;
			children = (
				553412E824DC470F003E6E9A /* CoreDataStorage */,
				553412E724DC46FF003E6E9A /* MemoStorage */,
				553412E424DC46BA003E6E9A /* MemoStorageType.swift .swift */,
			);
			path = Service;
			sourceTree = "<group>";
		};
		553412E724DC46FF003E6E9A /* MemoStorage */ = {
			isa = PBXGroup;
			children = (
				553412E924DC4750003E6E9A /* MemoryStorage.swift */,
			);
			path = MemoStorage;
			sourceTree = "<group>";
		};
		553412E824DC470F003E6E9A /* CoreDataStorage */ = {
			isa = PBXGroup;
			children = (
				55E99B3324DC0F7600A7229F /* RxMemo.xcdatamodeld */,
			);
			path = CoreDataStorage;
			sourceTree = "<group>";
		};
		55B35B7424DC17B000E8C231 /* Model */ = {
			isa = PBXGroup;
			children = (
				553412E224DC41B1003E6E9A /* Memo.swift */,
			);
			path = Model;
			sourceTree = "<group>";
		};
		55B35B7524DC17BA00E8C231 /* ViewController */ = {
			isa = PBXGroup;
			children = (
				55E99B2E24DC0F7600A7229F /* MemoListViewController.swift */,
				553412EB24DC4B80003E6E9A /* MemoDetailViewController.swift */,
				553412ED24DC4BC5003E6E9A /* MemoComposeViewController.swift */,
				553412F524DC4CD1003E6E9A /* ViewModelBindableType.swift */,
			);
			path = ViewController;
			sourceTree = "<group>";
		};
		55B35B7624DC17CB00E8C231 /* ViewModel */ = {
			isa = PBXGroup;
			children = (
				553412EF24DC4C14003E6E9A /* MemoListViewModel.swift */,
				553412F124DC4C51003E6E9A /* MemoDetailViewModel.swift */,
				553412F324DC4C7C003E6E9A /* MemoComposeViewModel.swift */,
			);
			path = ViewModel;
			sourceTree = "<group>";
		};
		55B35B7724DC17D200E8C231 /* Supporting Files */ = {
			isa = PBXGroup;
			children = (
				55E99B3624DC0F7900A7229F /* Assets.xcassets */,
				55E99B3B24DC0F7900A7229F /* Info.plist */,
			);
			path = "Supporting Files";
			sourceTree = "<group>";
		};
		55B35B7824DC17F400E8C231 /* View */ = {
			isa = PBXGroup;
			children = (
				55E99B3024DC0F7600A7229F /* Main.storyboard */,
				55E99B3824DC0F7900A7229F /* LaunchScreen.storyboard */,
			);
			path = View;
			sourceTree = "<group>";
		};
		55E99B1E24DC0F7600A7229F = {
			isa = PBXGroup;
			children = (
				55E99B2924DC0F7600A7229F /* RxMemo */,
				55E99B2824DC0F7600A7229F /* Products */,
				7E41D70D51511AF382325D19 /* Pods */,
				12C546B3749AAC3EA71E373B /* Frameworks */,
			);
			sourceTree = "<group>";
		};
		55E99B2824DC0F7600A7229F /* Products */ = {
			isa = PBXGroup;
			children = (
				55E99B2724DC0F7600A7229F /* RxMemo.app */,
			);
			name = Products;
			sourceTree = "<group>";
		};
		55E99B2924DC0F7600A7229F /* RxMemo */ = {
			isa = PBXGroup;
			children = (
				551DDB5924DEE217004ADDB4 /* Scene */,
				553412E624DC46EE003E6E9A /* Service */,
				55B35B7824DC17F400E8C231 /* View */,
				55B35B7724DC17D200E8C231 /* Supporting Files */,
				55B35B7624DC17CB00E8C231 /* ViewModel */,
				55B35B7524DC17BA00E8C231 /* ViewController */,
				55B35B7424DC17B000E8C231 /* Model */,
				55E99B2A24DC0F7600A7229F /* AppDelegate.swift */,
				55E99B2C24DC0F7600A7229F /* SceneDelegate.swift */,
			);
			path = RxMemo;
			sourceTree = "<group>";
		};
		7E41D70D51511AF382325D19 /* Pods */ = {
			isa = PBXGroup;
			children = (
				29211D834DA4007187437BDF /* Pods-RxMemo.debug.xcconfig */,
				CCE82E34FE0663D0FA1D3B02 /* Pods-RxMemo.release.xcconfig */,
			);
			path = Pods;
			sourceTree = "<group>";
		};
/* End PBXGroup section */

/* Begin PBXNativeTarget section */
		55E99B2624DC0F7600A7229F /* RxMemo */ = {
			isa = PBXNativeTarget;
			buildConfigurationList = 55E99B3E24DC0F7900A7229F /* Build configuration list for PBXNativeTarget "RxMemo" */;
			buildPhases = (
				8AB65DE2DF2BB0C35AF587FB /* [CP] Check Pods Manifest.lock */,
				55E99B2324DC0F7600A7229F /* Sources */,
				55E99B2424DC0F7600A7229F /* Frameworks */,
				55E99B2524DC0F7600A7229F /* Resources */,
				5D747A0BC704E699745E3C3B /* [CP] Embed Pods Frameworks */,
			);
			buildRules = (
			);
			dependencies = (
			);
			name = RxMemo;
			productName = RxMemo;
			productReference = 55E99B2724DC0F7600A7229F /* RxMemo.app */;
			productType = "com.apple.product-type.application";
		};
/* End PBXNativeTarget section */

/* Begin PBXProject section */
		55E99B1F24DC0F7600A7229F /* Project object */ = {
			isa = PBXProject;
			attributes = {
				LastSwiftUpdateCheck = 1160;
				LastUpgradeCheck = 1160;
				ORGANIZATIONNAME = "강병우";
				TargetAttributes = {
					55E99B2624DC0F7600A7229F = {
						CreatedOnToolsVersion = 11.6;
					};
				};
			};
			buildConfigurationList = 55E99B2224DC0F7600A7229F /* Build configuration list for PBXProject "RxMemo" */;
			compatibilityVersion = "Xcode 9.3";
			developmentRegion = en;
			hasScannedForEncodings = 0;
			knownRegions = (
				en,
				Base,
			);
			mainGroup = 55E99B1E24DC0F7600A7229F;
			productRefGroup = 55E99B2824DC0F7600A7229F /* Products */;
			projectDirPath = "";
			projectRoot = "";
			targets = (
				55E99B2624DC0F7600A7229F /* RxMemo */,
			);
		};
/* End PBXProject section */

/* Begin PBXResourcesBuildPhase section */
		55E99B2524DC0F7600A7229F /* Resources */ = {
			isa = PBXResourcesBuildPhase;
			buildActionMask = 2147483647;
			files = (
				55E99B3A24DC0F7900A7229F /* LaunchScreen.storyboard in Resources */,
				55E99B3724DC0F7900A7229F /* Assets.xcassets in Resources */,
				55E99B3224DC0F7600A7229F /* Main.storyboard in Resources */,
			);
			runOnlyForDeploymentPostprocessing = 0;
		};
/* End PBXResourcesBuildPhase section */

/* Begin PBXShellScriptBuildPhase section */
		5D747A0BC704E699745E3C3B /* [CP] Embed Pods Frameworks */ = {
			isa = PBXShellScriptBuildPhase;
			buildActionMask = 2147483647;
			files = (
			);
			inputFileListPaths = (
				"${PODS_ROOT}/Target Support Files/Pods-RxMemo/Pods-RxMemo-frameworks-${CONFIGURATION}-input-files.xcfilelist",
			);
			name = "[CP] Embed Pods Frameworks";
			outputFileListPaths = (
				"${PODS_ROOT}/Target Support Files/Pods-RxMemo/Pods-RxMemo-frameworks-${CONFIGURATION}-output-files.xcfilelist",
			);
			runOnlyForDeploymentPostprocessing = 0;
			shellPath = /bin/sh;
			shellScript = "\"${PODS_ROOT}/Target Support Files/Pods-RxMemo/Pods-RxMemo-frameworks.sh\"\n";
			showEnvVarsInLog = 0;
		};
		8AB65DE2DF2BB0C35AF587FB /* [CP] Check Pods Manifest.lock */ = {
			isa = PBXShellScriptBuildPhase;
			buildActionMask = 2147483647;
			files = (
			);
			inputFileListPaths = (
			);
			inputPaths = (
				"${PODS_PODFILE_DIR_PATH}/Podfile.lock",
				"${PODS_ROOT}/Manifest.lock",
			);
			name = "[CP] Check Pods Manifest.lock";
			outputFileListPaths = (
			);
			outputPaths = (
				"$(DERIVED_FILE_DIR)/Pods-RxMemo-checkManifestLockResult.txt",
			);
			runOnlyForDeploymentPostprocessing = 0;
			shellPath = /bin/sh;
			shellScript = "diff \"${PODS_PODFILE_DIR_PATH}/Podfile.lock\" \"${PODS_ROOT}/Manifest.lock\" > /dev/null\nif [ $? != 0 ] ; then\n    # print error to STDERR\n    echo \"error: The sandbox is not in sync with the Podfile.lock. Run 'pod install' or update your CocoaPods installation.\" >&2\n    exit 1\nfi\n# This output is used by Xcode 'outputs' to avoid re-running this script phase.\necho \"SUCCESS\" > \"${SCRIPT_OUTPUT_FILE_0}\"\n";
			showEnvVarsInLog = 0;
		};
/* End PBXShellScriptBuildPhase section */

/* Begin PBXSourcesBuildPhase section */
		55E99B2324DC0F7600A7229F /* Sources */ = {
			isa = PBXSourcesBuildPhase;
			buildActionMask = 2147483647;
			files = (
				55E99B2F24DC0F7600A7229F /* MemoListViewController.swift in Sources */,
				553412F424DC4C7C003E6E9A /* MemoComposeViewModel.swift in Sources */,
				551DDB6124DEE852004ADDB4 /* SceneCoordinator.swift in Sources */,
				551DDB5D24DEE291004ADDB4 /* Scene.swift in Sources */,
				553412EC24DC4B80003E6E9A /* MemoDetailViewController.swift in Sources */,
				553412F624DC4CD1003E6E9A /* ViewModelBindableType.swift in Sources */,
				553412EA24DC4750003E6E9A /* MemoryStorage.swift in Sources */,
				55E99B2B24DC0F7600A7229F /* AppDelegate.swift in Sources */,
				55E99B2D24DC0F7600A7229F /* SceneDelegate.swift in Sources */,
				55E99B3524DC0F7600A7229F /* RxMemo.xcdatamodeld in Sources */,
				551DDB5F24DEE6AB004ADDB4 /* SceneCoordinatorType.swift in Sources */,
				553412F024DC4C14003E6E9A /* MemoListViewModel.swift in Sources */,
				553412F224DC4C51003E6E9A /* MemoDetailViewModel.swift in Sources */,
				551DDB5B24DEE240004ADDB4 /* TransitionModel.swift in Sources */,
				553412E324DC41B1003E6E9A /* Memo.swift in Sources */,
				553412EE24DC4BC5003E6E9A /* MemoComposeViewController.swift in Sources */,
				553412E524DC46BA003E6E9A /* MemoStorageType.swift .swift in Sources */,
			);
			runOnlyForDeploymentPostprocessing = 0;
		};
/* End PBXSourcesBuildPhase section */

/* Begin PBXVariantGroup section */
		55E99B3024DC0F7600A7229F /* Main.storyboard */ = {
			isa = PBXVariantGroup;
			children = (
				55E99B3124DC0F7600A7229F /* Base */,
			);
			name = Main.storyboard;
			sourceTree = "<group>";
		};
		55E99B3824DC0F7900A7229F /* LaunchScreen.storyboard */ = {
			isa = PBXVariantGroup;
			children = (
				55E99B3924DC0F7900A7229F /* Base */,
			);
			name = LaunchScreen.storyboard;
			sourceTree = "<group>";
		};
/* End PBXVariantGroup section */

/* Begin XCBuildConfiguration section */
		55E99B3C24DC0F7900A7229F /* Debug */ = {
			isa = XCBuildConfiguration;
			buildSettings = {
				ALWAYS_SEARCH_USER_PATHS = NO;
				CLANG_ANALYZER_NONNULL = YES;
				CLANG_ANALYZER_NUMBER_OBJECT_CONVERSION = YES_AGGRESSIVE;
				CLANG_CXX_LANGUAGE_STANDARD = "gnu++14";
				CLANG_CXX_LIBRARY = "libc++";
				CLANG_ENABLE_MODULES = YES;
				CLANG_ENABLE_OBJC_ARC = YES;
				CLANG_ENABLE_OBJC_WEAK = YES;
				CLANG_WARN_BLOCK_CAPTURE_AUTORELEASING = YES;
				CLANG_WARN_BOOL_CONVERSION = YES;
				CLANG_WARN_COMMA = YES;
				CLANG_WARN_CONSTANT_CONVERSION = YES;
				CLANG_WARN_DEPRECATED_OBJC_IMPLEMENTATIONS = YES;
				CLANG_WARN_DIRECT_OBJC_ISA_USAGE = YES_ERROR;
				CLANG_WARN_DOCUMENTATION_COMMENTS = YES;
				CLANG_WARN_EMPTY_BODY = YES;
				CLANG_WARN_ENUM_CONVERSION = YES;
				CLANG_WARN_INFINITE_RECURSION = YES;
				CLANG_WARN_INT_CONVERSION = YES;
				CLANG_WARN_NON_LITERAL_NULL_CONVERSION = YES;
				CLANG_WARN_OBJC_IMPLICIT_RETAIN_SELF = YES;
				CLANG_WARN_OBJC_LITERAL_CONVERSION = YES;
				CLANG_WARN_OBJC_ROOT_CLASS = YES_ERROR;
				CLANG_WARN_RANGE_LOOP_ANALYSIS = YES;
				CLANG_WARN_STRICT_PROTOTYPES = YES;
				CLANG_WARN_SUSPICIOUS_MOVE = YES;
				CLANG_WARN_UNGUARDED_AVAILABILITY = YES_AGGRESSIVE;
				CLANG_WARN_UNREACHABLE_CODE = YES;
				CLANG_WARN__DUPLICATE_METHOD_MATCH = YES;
				COPY_PHASE_STRIP = NO;
				DEBUG_INFORMATION_FORMAT = dwarf;
				ENABLE_STRICT_OBJC_MSGSEND = YES;
				ENABLE_TESTABILITY = YES;
				GCC_C_LANGUAGE_STANDARD = gnu11;
				GCC_DYNAMIC_NO_PIC = NO;
				GCC_NO_COMMON_BLOCKS = YES;
				GCC_OPTIMIZATION_LEVEL = 0;
				GCC_PREPROCESSOR_DEFINITIONS = (
					"DEBUG=1",
					"$(inherited)",
				);
				GCC_WARN_64_TO_32_BIT_CONVERSION = YES;
				GCC_WARN_ABOUT_RETURN_TYPE = YES_ERROR;
				GCC_WARN_UNDECLARED_SELECTOR = YES;
				GCC_WARN_UNINITIALIZED_AUTOS = YES_AGGRESSIVE;
				GCC_WARN_UNUSED_FUNCTION = YES;
				GCC_WARN_UNUSED_VARIABLE = YES;
				IPHONEOS_DEPLOYMENT_TARGET = 13.6;
				MTL_ENABLE_DEBUG_INFO = INCLUDE_SOURCE;
				MTL_FAST_MATH = YES;
				ONLY_ACTIVE_ARCH = YES;
				SDKROOT = iphoneos;
				SWIFT_ACTIVE_COMPILATION_CONDITIONS = DEBUG;
				SWIFT_OPTIMIZATION_LEVEL = "-Onone";
			};
			name = Debug;
		};
		55E99B3D24DC0F7900A7229F /* Release */ = {
			isa = XCBuildConfiguration;
			buildSettings = {
				ALWAYS_SEARCH_USER_PATHS = NO;
				CLANG_ANALYZER_NONNULL = YES;
				CLANG_ANALYZER_NUMBER_OBJECT_CONVERSION = YES_AGGRESSIVE;
				CLANG_CXX_LANGUAGE_STANDARD = "gnu++14";
				CLANG_CXX_LIBRARY = "libc++";
				CLANG_ENABLE_MODULES = YES;
				CLANG_ENABLE_OBJC_ARC = YES;
				CLANG_ENABLE_OBJC_WEAK = YES;
				CLANG_WARN_BLOCK_CAPTURE_AUTORELEASING = YES;
				CLANG_WARN_BOOL_CONVERSION = YES;
				CLANG_WARN_COMMA = YES;
				CLANG_WARN_CONSTANT_CONVERSION = YES;
				CLANG_WARN_DEPRECATED_OBJC_IMPLEMENTATIONS = YES;
				CLANG_WARN_DIRECT_OBJC_ISA_USAGE = YES_ERROR;
				CLANG_WARN_DOCUMENTATION_COMMENTS = YES;
				CLANG_WARN_EMPTY_BODY = YES;
				CLANG_WARN_ENUM_CONVERSION = YES;
				CLANG_WARN_INFINITE_RECURSION = YES;
				CLANG_WARN_INT_CONVERSION = YES;
				CLANG_WARN_NON_LITERAL_NULL_CONVERSION = YES;
				CLANG_WARN_OBJC_IMPLICIT_RETAIN_SELF = YES;
				CLANG_WARN_OBJC_LITERAL_CONVERSION = YES;
				CLANG_WARN_OBJC_ROOT_CLASS = YES_ERROR;
				CLANG_WARN_RANGE_LOOP_ANALYSIS = YES;
				CLANG_WARN_STRICT_PROTOTYPES = YES;
				CLANG_WARN_SUSPICIOUS_MOVE = YES;
				CLANG_WARN_UNGUARDED_AVAILABILITY = YES_AGGRESSIVE;
				CLANG_WARN_UNREACHABLE_CODE = YES;
				CLANG_WARN__DUPLICATE_METHOD_MATCH = YES;
				COPY_PHASE_STRIP = NO;
				DEBUG_INFORMATION_FORMAT = "dwarf-with-dsym";
				ENABLE_NS_ASSERTIONS = NO;
				ENABLE_STRICT_OBJC_MSGSEND = YES;
				GCC_C_LANGUAGE_STANDARD = gnu11;
				GCC_NO_COMMON_BLOCKS = YES;
				GCC_WARN_64_TO_32_BIT_CONVERSION = YES;
				GCC_WARN_ABOUT_RETURN_TYPE = YES_ERROR;
				GCC_WARN_UNDECLARED_SELECTOR = YES;
				GCC_WARN_UNINITIALIZED_AUTOS = YES_AGGRESSIVE;
				GCC_WARN_UNUSED_FUNCTION = YES;
				GCC_WARN_UNUSED_VARIABLE = YES;
				IPHONEOS_DEPLOYMENT_TARGET = 13.6;
				MTL_ENABLE_DEBUG_INFO = NO;
				MTL_FAST_MATH = YES;
				SDKROOT = iphoneos;
				SWIFT_COMPILATION_MODE = wholemodule;
				SWIFT_OPTIMIZATION_LEVEL = "-O";
				VALIDATE_PRODUCT = YES;
			};
			name = Release;
		};
		55E99B3F24DC0F7900A7229F /* Debug */ = {
			isa = XCBuildConfiguration;
			baseConfigurationReference = 29211D834DA4007187437BDF /* Pods-RxMemo.debug.xcconfig */;
			buildSettings = {
				ASSETCATALOG_COMPILER_APPICON_NAME = AppIcon;
				CODE_SIGN_STYLE = Automatic;
				DEVELOPMENT_TEAM = 3XVKPQ55YF;
				INFOPLIST_FILE = "RxMemo/Supporting Files/Info.plist";
				LD_RUNPATH_SEARCH_PATHS = (
					"$(inherited)",
					"@executable_path/Frameworks",
				);
				PRODUCT_BUNDLE_IDENTIFIER = com.kbw2204.RxMemo;
				PRODUCT_NAME = "$(TARGET_NAME)";
				SWIFT_VERSION = 5.0;
				TARGETED_DEVICE_FAMILY = "1,2";
			};
			name = Debug;
		};
		55E99B4024DC0F7900A7229F /* Release */ = {
			isa = XCBuildConfiguration;
			baseConfigurationReference = CCE82E34FE0663D0FA1D3B02 /* Pods-RxMemo.release.xcconfig */;
			buildSettings = {
				ASSETCATALOG_COMPILER_APPICON_NAME = AppIcon;
				CODE_SIGN_STYLE = Automatic;
				DEVELOPMENT_TEAM = 3XVKPQ55YF;
				INFOPLIST_FILE = "RxMemo/Supporting Files/Info.plist";
				LD_RUNPATH_SEARCH_PATHS = (
					"$(inherited)",
					"@executable_path/Frameworks",
				);
				PRODUCT_BUNDLE_IDENTIFIER = com.kbw2204.RxMemo;
				PRODUCT_NAME = "$(TARGET_NAME)";
				SWIFT_VERSION = 5.0;
				TARGETED_DEVICE_FAMILY = "1,2";
			};
			name = Release;
		};
/* End XCBuildConfiguration section */

/* Begin XCConfigurationList section */
		55E99B2224DC0F7600A7229F /* Build configuration list for PBXProject "RxMemo" */ = {
			isa = XCConfigurationList;
			buildConfigurations = (
				55E99B3C24DC0F7900A7229F /* Debug */,
				55E99B3D24DC0F7900A7229F /* Release */,
			);
			defaultConfigurationIsVisible = 0;
			defaultConfigurationName = Release;
		};
		55E99B3E24DC0F7900A7229F /* Build configuration list for PBXNativeTarget "RxMemo" */ = {
			isa = XCConfigurationList;
			buildConfigurations = (
				55E99B3F24DC0F7900A7229F /* Debug */,
				55E99B4024DC0F7900A7229F /* Release */,
			);
			defaultConfigurationIsVisible = 0;
			defaultConfigurationName = Release;
		};
/* End XCConfigurationList section */

/* Begin XCVersionGroup section */
		55E99B3324DC0F7600A7229F /* RxMemo.xcdatamodeld */ = {
			isa = XCVersionGroup;
			children = (
				55E99B3424DC0F7600A7229F /* RxMemo.xcdatamodel */,
			);
			currentVersion = 55E99B3424DC0F7600A7229F /* RxMemo.xcdatamodel */;
			path = RxMemo.xcdatamodeld;
			sourceTree = "<group>";
			versionGroupType = wrapper.xcdatamodel;
		};
/* End XCVersionGroup section */
	};
	rootObject = 55E99B1F24DC0F7600A7229F /* Project object */;
}
